# This file is automatically @generated by Poetry 1.8.2 and should not be changed by hand.

[[package]]
name = "attrs"
version = "23.2.0"
description = "Classes Without Boilerplate"
optional = false
python-versions = ">=3.7"
files = [
    {file = "attrs-23.2.0-py3-none-any.whl", hash = "sha256:99b87a485a5820b23b879f04c2305b44b951b502fd64be915879d77a7e8fc6f1"},
    {file = "attrs-23.2.0.tar.gz", hash = "sha256:935dc3b529c262f6cf76e50877d35a4bd3c1de194fd41f47a2b7ae8f19971f30"},
]

[package.dependencies]
importlib-metadata = {version = "*", markers = "python_version < \"3.8\""}

[package.extras]
cov = ["attrs[tests]", "coverage[toml] (>=5.3)"]
dev = ["attrs[tests]", "pre-commit"]
docs = ["furo", "myst-parser", "sphinx", "sphinx-notfound-page", "sphinxcontrib-towncrier", "towncrier", "zope-interface"]
tests = ["attrs[tests-no-zope]", "zope-interface"]
tests-mypy = ["mypy (>=1.6)", "pytest-mypy-plugins"]
tests-no-zope = ["attrs[tests-mypy]", "cloudpickle", "hypothesis", "pympler", "pytest (>=4.3.0)", "pytest-xdist[psutil]"]

[[package]]
name = "colorama"
version = "0.4.6"
description = "Cross-platform colored terminal text."
optional = false
python-versions = "!=3.0.*,!=3.1.*,!=3.2.*,!=3.3.*,!=3.4.*,!=3.5.*,!=3.6.*,>=2.7"
files = [
    {file = "colorama-0.4.6-py2.py3-none-any.whl", hash = "sha256:4f1d9991f5acc0ca119f9d443620b77f9d6b33703e51011c16baf57afb285fc6"},
    {file = "colorama-0.4.6.tar.gz", hash = "sha256:08695f5cb7ed6e0531a20572697297273c47b8cae5a63ffc6d6ed5c201be6e44"},
]

[[package]]
name = "exceptiongroup"
version = "1.2.0"
description = "Backport of PEP 654 (exception groups)"
optional = false
python-versions = ">=3.7"
files = [
    {file = "exceptiongroup-1.2.0-py3-none-any.whl", hash = "sha256:4bfd3996ac73b41e9b9628b04e079f193850720ea5945fc96a08633c66912f14"},
    {file = "exceptiongroup-1.2.0.tar.gz", hash = "sha256:91f5c769735f051a4290d52edd0858999b57e5876e9f85937691bd4c9fa3ed68"},
]

[package.extras]
test = ["pytest (>=6)"]

[[package]]
name = "importlib-metadata"
version = "6.7.0"
description = "Read metadata from Python packages"
optional = false
python-versions = ">=3.7"
files = [
    {file = "importlib_metadata-6.7.0-py3-none-any.whl", hash = "sha256:cb52082e659e97afc5dac71e79de97d8681de3aa07ff18578330904a9d18e5b5"},
    {file = "importlib_metadata-6.7.0.tar.gz", hash = "sha256:1aaf550d4f73e5d6783e7acb77aec43d49da8017410afae93822cc9cca98c4d4"},
]

[package.dependencies]
typing-extensions = {version = ">=3.6.4", markers = "python_version < \"3.8\""}
zipp = ">=0.5"

[package.extras]
docs = ["furo", "jaraco.packaging (>=9)", "jaraco.tidelift (>=1.4)", "rst.linker (>=1.9)", "sphinx (>=3.5)", "sphinx-lint"]
perf = ["ipython"]
testing = ["flufl.flake8", "importlib-resources (>=1.3)", "packaging", "pyfakefs", "pytest (>=6)", "pytest-black (>=0.3.7)", "pytest-checkdocs (>=2.4)", "pytest-cov", "pytest-enabler (>=1.3)", "pytest-mypy (>=0.9.1)", "pytest-perf (>=0.9.2)", "pytest-ruff"]

[[package]]
name = "iniconfig"
version = "2.0.0"
description = "brain-dead simple config-ini parsing"
optional = false
python-versions = ">=3.7"
files = [
    {file = "iniconfig-2.0.0-py3-none-any.whl", hash = "sha256:b6a85871a79d2e3b22d2d1b94ac2824226a63c6b741c88f7ae975f18b6778374"},
    {file = "iniconfig-2.0.0.tar.gz", hash = "sha256:2d91e135bf72d31a410b17c16da610a82cb55f6b0477d1a902134b24a455b8b3"},
]

[[package]]
name = "mutagen"
version = "1.31"
description = "read and write audio tags for many formats"
optional = false
python-versions = "*"
files = [
    {file = "mutagen-1.31.tar.gz", hash = "sha256:0aa011707785fe30935d8655380052a20ba8b972aa738d4f144c457b35b4d699"},
]

[[package]]
name = "packaging"
version = "24.0"
description = "Core utilities for Python packages"
optional = false
python-versions = ">=3.7"
files = [
    {file = "packaging-24.0-py3-none-any.whl", hash = "sha256:2ddfb553fdf02fb784c234c7ba6ccc288296ceabec964ad2eae3777778130bc5"},
    {file = "packaging-24.0.tar.gz", hash = "sha256:eb82c5e3e56209074766e6885bb04b8c38a0c015d0a30036ebe7ece34c9989e9"},
]

[[package]]
name = "pluggy"
version = "1.2.0"
description = "plugin and hook calling mechanisms for python"
optional = false
python-versions = ">=3.7"
files = [
    {file = "pluggy-1.2.0-py3-none-any.whl", hash = "sha256:c2fd55a7d7a3863cba1a013e4e2414658b1d07b6bc57b3919e0c63c9abb99849"},
    {file = "pluggy-1.2.0.tar.gz", hash = "sha256:d12f0c4b579b15f5e054301bb226ee85eeeba08ffec228092f8defbaa3a4c4b3"},
]

[package.dependencies]
importlib-metadata = {version = ">=0.12", markers = "python_version < \"3.8\""}

[package.extras]
dev = ["pre-commit", "tox"]
testing = ["pytest", "pytest-benchmark"]

[[package]]
name = "pymongo"
version = "3.2.1"
description = "Python driver for MongoDB <http://www.mongodb.org>"
optional = false
python-versions = "*"
files = [
    {file = "pymongo-3.2.1-cp26-none-macosx_10_10_intel.whl", hash = "sha256:ef911097ecf042bfdce61d5d8fb8b282d49a3760740bd89301258f991879b7d2"},
    {file = "pymongo-3.2.1-cp26-none-macosx_10_11_intel.whl", hash = "sha256:32f9fcea5c072aeba61543bace8b6542b130e33ed90d880396fa80fc2ebde6dd"},
    {file = "pymongo-3.2.1-cp26-none-macosx_10_8_intel.whl", hash = "sha256:a5b00c22c3b5ca6524b299386acbdc8351df6f0ed549ef5278ae676fa48bff47"},
    {file = "pymongo-3.2.1-cp26-none-macosx_10_9_intel.whl", hash = "sha256:e181c44ba0fe35d8fb76d36aa163eee7c829f86ae85f235f5ba5b74ae88ef9ac"},
    {file = "pymongo-3.2.1-cp26-none-win32.whl", hash = "sha256:acaf71190df58b383b9cbce4f2450fdd5f8c92211880ef448430900fbcfa9e20"},
    {file = "pymongo-3.2.1-cp26-none-win_amd64.whl", hash = "sha256:dce418ccf287562e624f243e87d2892af12a65a9002579cfb4bcde1606c34cf2"},
    {file = "pymongo-3.2.1-cp27-none-macosx_10_10_intel.whl", hash = "sha256:cacd136daaf4e367010efd8112617cd1a7a4261da92a5e78c1e5a292170fe675"},
    {file = "pymongo-3.2.1-cp27-none-macosx_10_11_intel.whl", hash = "sha256:95f601ff65b93b19fe9732429ccdc97528601fc46565cc9d996f648912f20dae"},
    {file = "pymongo-3.2.1-cp27-none-macosx_10_8_intel.whl", hash = "sha256:c9eef8db3a57c1ac47b573fc3d2ede4f9691c1282c8f6ee9ab23791979a3ee3b"},
    {file = "pymongo-3.2.1-cp27-none-macosx_10_9_intel.whl", hash = "sha256:37849581c78ddb2904d521bd5baf2d32ec251435bc6b7da8e97353b07803c9c2"},
    {file = "pymongo-3.2.1-cp27-none-win32.whl", hash = "sha256:b5474194826e5bf1e4b2076c4df581c781fa17189dcbed5453e171c110c10802"},
    {file = "pymongo-3.2.1-cp27-none-win_amd64.whl", hash = "sha256:d398ed1b8b02bb3ad8f0386b4ed1a49b4c8b1679e84fa76ced0dc09e80157a2d"},
    {file = "pymongo-3.2.1-cp32-cp32m-macosx_10_6_x86_64.whl", hash = "sha256:6e23398814e51fbf88bd2ad9072519ee400d69c71617260a2e4b52062e3fb5e9"},
    {file = "pymongo-3.2.1-cp32-none-win32.whl", hash = "sha256:2763c774e7f7a8001cc9ce66f7acb37559132628b72609a99173468b467700fc"},
    {file = "pymongo-3.2.1-cp32-none-win_amd64.whl", hash = "sha256:5d50c6be33d20a82d9abae85ea6607c7406b103f15d6a2c17fda2281812ea3e1"},
    {file = "pymongo-3.2.1-cp33-cp33m-macosx_10_6_x86_64.whl", hash = "sha256:25acdfd9d1a2f062d99766fb9c174a47cb159ad5eb76592b503cbf5fec3f3156"},
    {file = "pymongo-3.2.1-cp33-none-win32.whl", hash = "sha256:b1d0e377a71aac071965d8ac68af6942f62a1e422598ed08f5fdbaca1a981d68"},
    {file = "pymongo-3.2.1-cp33-none-win_amd64.whl", hash = "sha256:985407d50b1e266dc7385fb5f612600dc42f488edf6739f3a9dcdde12c07ae93"},
    {file = "pymongo-3.2.1-cp34-cp34m-macosx_10_6_intel.whl", hash = "sha256:cc32210fdf7f3a2e361e7e14f808f689479d473ae8125f3b76be59a0bd9526ca"},
    {file = "pymongo-3.2.1-cp34-none-win32.whl", hash = "sha256:ced200eec21f31c76b0b9e37f31be3d93396dd58bb52a428f1afd11f3ec0da0e"},
    {file = "pymongo-3.2.1-cp34-none-win_amd64.whl", hash = "sha256:ca1b1972457f74bc08534099c95167cc0f4450db73acb7a5dcc17320702dcb47"},
    {file = "pymongo-3.2.1-cp35-cp35m-macosx_10_6_intel.whl", hash = "sha256:3418f72e006a027518f868e27c755923bc1886e9deb024738c91edbe734e7681"},
    {file = "pymongo-3.2.1-cp35-none-win32.whl", hash = "sha256:540a9b5d65e2dc44e60f07c4eb409a3580ede6c53d78dc8d55c9d334e7fe41af"},
    {file = "pymongo-3.2.1-cp35-none-win_amd64.whl", hash = "sha256:2969299f133067004823ac874517fa2c91f6385d480e6a17675bf76876e80591"},
    {file = "pymongo-3.2.1.tar.gz", hash = "sha256:57a86ca602b0a4d2da1f9f3afa8c59fd8ca62d829f6d8f467eae0b7cb22ba88a"},
]

[[package]]
name = "pytest"
version = "7.2.2"
description = "pytest: simple powerful testing with Python"
optional = false
python-versions = ">=3.7"
files = [
    {file = "pytest-7.2.2-py3-none-any.whl", hash = "sha256:130328f552dcfac0b1cec75c12e3f005619dc5f874f0a06e8ff7263f0ee6225e"},
    {file = "pytest-7.2.2.tar.gz", hash = "sha256:c99ab0c73aceb050f68929bc93af19ab6db0558791c6a0715723abe9d0ade9d4"},
]

[package.dependencies]
attrs = ">=19.2.0"
colorama = {version = "*", markers = "sys_platform == \"win32\""}
exceptiongroup = {version = ">=1.0.0rc8", markers = "python_version < \"3.11\""}
importlib-metadata = {version = ">=0.12", markers = "python_version < \"3.8\""}
iniconfig = "*"
packaging = "*"
pluggy = ">=0.12,<2.0"
tomli = {version = ">=1.0.0", markers = "python_version < \"3.11\""}

[package.extras]
testing = ["argcomplete", "hypothesis (>=3.56)", "mock", "nose", "pygments (>=2.7.2)", "requests", "xmlschema"]

[[package]]
name = "python-vlc"
version = "1.1.2"
description = "VLC bindings for python."
optional = false
python-versions = "*"
files = [
    {file = "python-vlc-1.1.2.tar.gz", hash = "sha256:9727819d0051bfc21a17bf355f917a503be6bafdaa7c414d6bf81acc7081081d"},
]

[[package]]
name = "tomli"
version = "2.0.1"
description = "A lil' TOML parser"
optional = false
python-versions = ">=3.7"
files = [
    {file = "tomli-2.0.1-py3-none-any.whl", hash = "sha256:939de3e7a6161af0c887ef91b7d41a53e7c5a1ca976325f429cb46ea9bc30ecc"},
    {file = "tomli-2.0.1.tar.gz", hash = "sha256:de526c12914f0c550d15924c62d72abc48d6fe7364aa87328337a31007fe8a4f"},
]

[[package]]
name = "typing-extensions"
version = "4.7.1"
description = "Backported and Experimental Type Hints for Python 3.7+"
optional = false
python-versions = ">=3.7"
files = [
    {file = "typing_extensions-4.7.1-py3-none-any.whl", hash = "sha256:440d5dd3af93b060174bf433bccd69b0babc3b15b1a8dca43789fd7f61514b36"},
    {file = "typing_extensions-4.7.1.tar.gz", hash = "sha256:b75ddc264f0ba5615db7ba217daeb99701ad295353c45f9e95963337ceeeffb2"},
]

[[package]]
name = "zipp"
version = "3.15.0"
description = "Backport of pathlib-compatible object wrapper for zip files"
optional = false
python-versions = ">=3.7"
files = [
    {file = "zipp-3.15.0-py3-none-any.whl", hash = "sha256:48904fc76a60e542af151aded95726c1a5c34ed43ab4134b597665c86d7ad556"},
    {file = "zipp-3.15.0.tar.gz", hash = "sha256:112929ad649da941c23de50f356a2b5570c954b65150642bccdd66bf194d224b"},
]

[package.extras]
docs = ["furo", "jaraco.packaging (>=9)", "jaraco.tidelift (>=1.4)", "rst.linker (>=1.9)", "sphinx (>=3.5)", "sphinx-lint"]
testing = ["big-O", "flake8 (<5)", "jaraco.functools", "jaraco.itertools", "more-itertools", "pytest (>=6)", "pytest-black (>=0.3.7)", "pytest-checkdocs (>=2.4)", "pytest-cov", "pytest-enabler (>=1.3)", "pytest-flake8", "pytest-mypy (>=0.9.1)"]

[metadata]
lock-version = "2.0"
python-versions = "^3.7"
content-hash = "d6b023cce887aaf293f9a1465901ebae87cc9a33740c425d087d80e6d420020a"
